// !$*UTF8*$!
{
	archiveVersion = 1;
	classes = {
	};
	objectVersion = 51;
	objects = {

/* Begin PBXBuildFile section */
		3055F2DD2562DFA5009DA436 /* LocationInputActivationView.swift in Sources */ = {isa = PBXBuildFile; fileRef = 3055F2DC2562DFA5009DA436 /* LocationInputActivationView.swift */; };
		3055F2E0256419F1009DA436 /* LocationInputView.swift in Sources */ = {isa = PBXBuildFile; fileRef = 3055F2DF256419F1009DA436 /* LocationInputView.swift */; };
		3055F2E3256530C3009DA436 /* LocationCell.swift in Sources */ = {isa = PBXBuildFile; fileRef = 3055F2E2256530C3009DA436 /* LocationCell.swift */; };
		3055F2EC256553D1009DA436 /* LocationHandler.swift in Sources */ = {isa = PBXBuildFile; fileRef = 3055F2EB256553D1009DA436 /* LocationHandler.swift */; };
		3055F2F22567DA43009DA436 /* User.swift in Sources */ = {isa = PBXBuildFile; fileRef = 3055F2F12567DA43009DA436 /* User.swift */; };
		3055F2F62567DA5C009DA436 /* Service.swift in Sources */ = {isa = PBXBuildFile; fileRef = 3055F2F52567DA5C009DA436 /* Service.swift */; };
		3055F2FA2567DB3F009DA436 /* DriverAnnotation.swift in Sources */ = {isa = PBXBuildFile; fileRef = 3055F2F92567DB3F009DA436 /* DriverAnnotation.swift */; };
		49ACC9E15FEE171093501855 /* Pods_Uber.framework in Frameworks */ = {isa = PBXBuildFile; fileRef = D0D51D37A1635682BFA48D88 /* Pods_Uber.framework */; };
		ED55A9B425544000003A109A /* LoginController.swift in Sources */ = {isa = PBXBuildFile; fileRef = ED55A9B325544000003A109A /* LoginController.swift */; };
		ED55A9B925544879003A109A /* Extensions.swift in Sources */ = {isa = PBXBuildFile; fileRef = ED55A9B825544879003A109A /* Extensions.swift */; };
		ED55A9BC25559474003A109A /* SignUpController.swift in Sources */ = {isa = PBXBuildFile; fileRef = ED55A9BB25559474003A109A /* SignUpController.swift */; };
		ED55A9BF2558641F003A109A /* AuthButton.swift in Sources */ = {isa = PBXBuildFile; fileRef = ED55A9BE2558641F003A109A /* AuthButton.swift */; };
		ED55A9C2255872E7003A109A /* GoogleService-Info.plist in Resources */ = {isa = PBXBuildFile; fileRef = ED55A9C1255872E7003A109A /* GoogleService-Info.plist */; };
		ED55A9D8255B3FA3003A109A /* HomeController.swift in Sources */ = {isa = PBXBuildFile; fileRef = ED55A9D7255B3FA2003A109A /* HomeController.swift */; };
		ED872EF7255438D100065E93 /* AppDelegate.swift in Sources */ = {isa = PBXBuildFile; fileRef = ED872EF6255438D100065E93 /* AppDelegate.swift */; };
		ED872EF9255438D100065E93 /* SceneDelegate.swift in Sources */ = {isa = PBXBuildFile; fileRef = ED872EF8255438D100065E93 /* SceneDelegate.swift */; };
		ED872F00255438D400065E93 /* Assets.xcassets in Resources */ = {isa = PBXBuildFile; fileRef = ED872EFF255438D400065E93 /* Assets.xcassets */; };
		ED872F03255438D400065E93 /* LaunchScreen.storyboard in Resources */ = {isa = PBXBuildFile; fileRef = ED872F01255438D400065E93 /* LaunchScreen.storyboard */; };
/* End PBXBuildFile section */

/* Begin PBXFileReference section */
		3055F2DC2562DFA5009DA436 /* LocationInputActivationView.swift */ = {isa = PBXFileReference; lastKnownFileType = sourcecode.swift; path = LocationInputActivationView.swift; sourceTree = "<group>"; };
		3055F2DF256419F1009DA436 /* LocationInputView.swift */ = {isa = PBXFileReference; lastKnownFileType = sourcecode.swift; path = LocationInputView.swift; sourceTree = "<group>"; };
		3055F2E2256530C3009DA436 /* LocationCell.swift */ = {isa = PBXFileReference; lastKnownFileType = sourcecode.swift; path = LocationCell.swift; sourceTree = "<group>"; };
		3055F2EB256553D1009DA436 /* LocationHandler.swift */ = {isa = PBXFileReference; lastKnownFileType = sourcecode.swift; path = LocationHandler.swift; sourceTree = "<group>"; };
		3055F2F12567DA43009DA436 /* User.swift */ = {isa = PBXFileReference; lastKnownFileType = sourcecode.swift; path = User.swift; sourceTree = "<group>"; };
		3055F2F52567DA5C009DA436 /* Service.swift */ = {isa = PBXFileReference; lastKnownFileType = sourcecode.swift; path = Service.swift; sourceTree = "<group>"; };
		3055F2F92567DB3F009DA436 /* DriverAnnotation.swift */ = {isa = PBXFileReference; lastKnownFileType = sourcecode.swift; path = DriverAnnotation.swift; sourceTree = "<group>"; };
		9B703FD1F50EDC2741F7249D /* Pods-Uber.debug.xcconfig */ = {isa = PBXFileReference; includeInIndex = 1; lastKnownFileType = text.xcconfig; name = "Pods-Uber.debug.xcconfig"; path = "Target Support Files/Pods-Uber/Pods-Uber.debug.xcconfig"; sourceTree = "<group>"; };
		A27488644314783D912BFF89 /* Pods-Uber.release.xcconfig */ = {isa = PBXFileReference; includeInIndex = 1; lastKnownFileType = text.xcconfig; name = "Pods-Uber.release.xcconfig"; path = "Target Support Files/Pods-Uber/Pods-Uber.release.xcconfig"; sourceTree = "<group>"; };
		D0D51D37A1635682BFA48D88 /* Pods_Uber.framework */ = {isa = PBXFileReference; explicitFileType = wrapper.framework; includeInIndex = 0; path = Pods_Uber.framework; sourceTree = BUILT_PRODUCTS_DIR; };
		ED55A9B325544000003A109A /* LoginController.swift */ = {isa = PBXFileReference; lastKnownFileType = sourcecode.swift; path = LoginController.swift; sourceTree = "<group>"; };
		ED55A9B825544879003A109A /* Extensions.swift */ = {isa = PBXFileReference; lastKnownFileType = sourcecode.swift; path = Extensions.swift; sourceTree = "<group>"; };
		ED55A9BB25559474003A109A /* SignUpController.swift */ = {isa = PBXFileReference; lastKnownFileType = sourcecode.swift; path = SignUpController.swift; sourceTree = "<group>"; };
		ED55A9BE2558641F003A109A /* AuthButton.swift */ = {isa = PBXFileReference; lastKnownFileType = sourcecode.swift; path = AuthButton.swift; sourceTree = "<group>"; };
		ED55A9C1255872E7003A109A /* GoogleService-Info.plist */ = {isa = PBXFileReference; lastKnownFileType = text.plist; path = "GoogleService-Info.plist"; sourceTree = SOURCE_ROOT; };
		ED55A9D7255B3FA2003A109A /* HomeController.swift */ = {isa = PBXFileReference; lastKnownFileType = sourcecode.swift; path = HomeController.swift; sourceTree = "<group>"; };
		ED872EF3255438D100065E93 /* Uber.app */ = {isa = PBXFileReference; explicitFileType = wrapper.application; includeInIndex = 0; path = Uber.app; sourceTree = BUILT_PRODUCTS_DIR; };
		ED872EF6255438D100065E93 /* AppDelegate.swift */ = {isa = PBXFileReference; lastKnownFileType = sourcecode.swift; path = AppDelegate.swift; sourceTree = "<group>"; };
		ED872EF8255438D100065E93 /* SceneDelegate.swift */ = {isa = PBXFileReference; lastKnownFileType = sourcecode.swift; path = SceneDelegate.swift; sourceTree = "<group>"; };
		ED872EFF255438D400065E93 /* Assets.xcassets */ = {isa = PBXFileReference; lastKnownFileType = folder.assetcatalog; path = Assets.xcassets; sourceTree = "<group>"; };
		ED872F02255438D400065E93 /* Base */ = {isa = PBXFileReference; lastKnownFileType = file.storyboard; name = Base; path = Base.lproj/LaunchScreen.storyboard; sourceTree = "<group>"; };
		ED872F04255438D400065E93 /* Info.plist */ = {isa = PBXFileReference; lastKnownFileType = text.plist.xml; path = Info.plist; sourceTree = "<group>"; };
/* End PBXFileReference section */

/* Begin PBXFrameworksBuildPhase section */
		ED872EF0255438D100065E93 /* Frameworks */ = {
			isa = PBXFrameworksBuildPhase;
			buildActionMask = 2147483647;
			files = (
				49ACC9E15FEE171093501855 /* Pods_Uber.framework in Frameworks */,
			);
			runOnlyForDeploymentPostprocessing = 0;
		};
/* End PBXFrameworksBuildPhase section */

/* Begin PBXGroup section */
		3055F2EE2567D998009DA436 /* Model */ = {
			isa = PBXGroup;
			children = (
				3055F2F12567DA43009DA436 /* User.swift */,
				3055F2F92567DB3F009DA436 /* DriverAnnotation.swift */,
			);
			path = Model;
			sourceTree = "<group>";
		};
		3055F2EF2567D9A1009DA436 /* Service */ = {
			isa = PBXGroup;
			children = (
				3055F2F52567DA5C009DA436 /* Service.swift */,
			);
			path = Service;
			sourceTree = "<group>";
		};
		5EE795682C3B784C0A208A33 /* Frameworks */ = {
			isa = PBXGroup;
			children = (
				D0D51D37A1635682BFA48D88 /* Pods_Uber.framework */,
			);
			name = Frameworks;
			sourceTree = "<group>";
		};
		910207F7951C2107E954C4E1 /* Pods */ = {
			isa = PBXGroup;
			children = (
				9B703FD1F50EDC2741F7249D /* Pods-Uber.debug.xcconfig */,
				A27488644314783D912BFF89 /* Pods-Uber.release.xcconfig */,
			);
			path = Pods;
			sourceTree = "<group>";
		};
		ED55A9AC25543E98003A109A /* Utils */ = {
			isa = PBXGroup;
			children = (
				ED55A9B825544879003A109A /* Extensions.swift */,
				3055F2EB256553D1009DA436 /* LocationHandler.swift */,
			);
			path = Utils;
			sourceTree = "<group>";
		};
		ED55A9AE25543EA9003A109A /* Controller */ = {
			isa = PBXGroup;
			children = (
				ED55A9B325544000003A109A /* LoginController.swift */,
				ED55A9BB25559474003A109A /* SignUpController.swift */,
				ED55A9D7255B3FA2003A109A /* HomeController.swift */,
			);
			path = Controller;
			sourceTree = "<group>";
		};
		ED55A9AF25543EAA003A109A /* View */ = {
			isa = PBXGroup;
			children = (
				ED55A9BE2558641F003A109A /* AuthButton.swift */,
				3055F2DC2562DFA5009DA436 /* LocationInputActivationView.swift */,
				3055F2DF256419F1009DA436 /* LocationInputView.swift */,
				3055F2E2256530C3009DA436 /* LocationCell.swift */,
			);
			path = View;
			sourceTree = "<group>";
		};
		ED872EEA255438D100065E93 = {
			isa = PBXGroup;
			children = (
				ED872EF5255438D100065E93 /* Uber */,
				ED872EF4255438D100065E93 /* Products */,
				910207F7951C2107E954C4E1 /* Pods */,
				5EE795682C3B784C0A208A33 /* Frameworks */,
			);
			sourceTree = "<group>";
		};
		ED872EF4255438D100065E93 /* Products */ = {
			isa = PBXGroup;
			children = (
				ED872EF3255438D100065E93 /* Uber.app */,
			);
			name = Products;
			sourceTree = "<group>";
		};
		ED872EF5255438D100065E93 /* Uber */ = {
			isa = PBXGroup;
			children = (
				3055F2EE2567D998009DA436 /* Model */,
				ED55A9AF25543EAA003A109A /* View */,
				ED55A9AE25543EA9003A109A /* Controller */,
				3055F2EF2567D9A1009DA436 /* Service */,
				ED55A9AC25543E98003A109A /* Utils */,
				ED872EF6255438D100065E93 /* AppDelegate.swift */,
				ED872EF8255438D100065E93 /* SceneDelegate.swift */,
				ED872EFF255438D400065E93 /* Assets.xcassets */,
				ED872F01255438D400065E93 /* LaunchScreen.storyboard */,
				ED872F04255438D400065E93 /* Info.plist */,
				ED55A9C1255872E7003A109A /* GoogleService-Info.plist */,
			);
			path = Uber;
			sourceTree = "<group>";
		};
/* End PBXGroup section */

/* Begin PBXNativeTarget section */
		ED872EF2255438D100065E93 /* Uber */ = {
			isa = PBXNativeTarget;
			buildConfigurationList = ED872F07255438D400065E93 /* Build configuration list for PBXNativeTarget "Uber" */;
			buildPhases = (
				92C0D72DB0A7DCDABB849CC7 /* [CP] Check Pods Manifest.lock */,
				ED872EEF255438D100065E93 /* Sources */,
				ED872EF0255438D100065E93 /* Frameworks */,
				ED872EF1255438D100065E93 /* Resources */,
				BE9473038394824C9D0650CF /* [CP] Embed Pods Frameworks */,
			);
			buildRules = (
			);
			dependencies = (
			);
			name = Uber;
			productName = Uber;
			productReference = ED872EF3255438D100065E93 /* Uber.app */;
			productType = "com.apple.product-type.application";
		};
/* End PBXNativeTarget section */

/* Begin PBXProject section */
		ED872EEB255438D100065E93 /* Project object */ = {
			isa = PBXProject;
			attributes = {
				LastSwiftUpdateCheck = 1200;
				LastUpgradeCheck = 1200;
				TargetAttributes = {
					ED872EF2255438D100065E93 = {
						CreatedOnToolsVersion = 12.0;
					};
				};
			};
			buildConfigurationList = ED872EEE255438D100065E93 /* Build configuration list for PBXProject "Uber" */;
			compatibilityVersion = "Xcode 9.3";
			developmentRegion = en;
			hasScannedForEncodings = 0;
			knownRegions = (
				en,
				Base,
			);
			mainGroup = ED872EEA255438D100065E93;
			productRefGroup = ED872EF4255438D100065E93 /* Products */;
			projectDirPath = "";
			projectRoot = "";
			targets = (
				ED872EF2255438D100065E93 /* Uber */,
			);
		};
/* End PBXProject section */

/* Begin PBXResourcesBuildPhase section */
		ED872EF1255438D100065E93 /* Resources */ = {
			isa = PBXResourcesBuildPhase;
			buildActionMask = 2147483647;
			files = (
				ED872F03255438D400065E93 /* LaunchScreen.storyboard in Resources */,
				ED872F00255438D400065E93 /* Assets.xcassets in Resources */,
				ED55A9C2255872E7003A109A /* GoogleService-Info.plist in Resources */,
			);
			runOnlyForDeploymentPostprocessing = 0;
		};
/* End PBXResourcesBuildPhase section */

/* Begin PBXShellScriptBuildPhase section */
		92C0D72DB0A7DCDABB849CC7 /* [CP] Check Pods Manifest.lock */ = {
			isa = PBXShellScriptBuildPhase;
			buildActionMask = 2147483647;
			files = (
			);
			inputFileListPaths = (
			);
			inputPaths = (
				"${PODS_PODFILE_DIR_PATH}/Podfile.lock",
				"${PODS_ROOT}/Manifest.lock",
			);
			name = "[CP] Check Pods Manifest.lock";
			outputFileListPaths = (
			);
			outputPaths = (
				"$(DERIVED_FILE_DIR)/Pods-Uber-checkManifestLockResult.txt",
			);
			runOnlyForDeploymentPostprocessing = 0;
			shellPath = /bin/sh;
			shellScript = "diff \"${PODS_PODFILE_DIR_PATH}/Podfile.lock\" \"${PODS_ROOT}/Manifest.lock\" > /dev/null\nif [ $? != 0 ] ; then\n    # print error to STDERR\n    echo \"error: The sandbox is not in sync with the Podfile.lock. Run 'pod install' or update your CocoaPods installation.\" >&2\n    exit 1\nfi\n# This output is used by Xcode 'outputs' to avoid re-running this script phase.\necho \"SUCCESS\" > \"${SCRIPT_OUTPUT_FILE_0}\"\n";
			showEnvVarsInLog = 0;
		};
		BE9473038394824C9D0650CF /* [CP] Embed Pods Frameworks */ = {
			isa = PBXShellScriptBuildPhase;
			buildActionMask = 2147483647;
			files = (
			);
			inputFileListPaths = (
				"${PODS_ROOT}/Target Support Files/Pods-Uber/Pods-Uber-frameworks-${CONFIGURATION}-input-files.xcfilelist",
			);
			name = "[CP] Embed Pods Frameworks";
			outputFileListPaths = (
				"${PODS_ROOT}/Target Support Files/Pods-Uber/Pods-Uber-frameworks-${CONFIGURATION}-output-files.xcfilelist",
			);
			runOnlyForDeploymentPostprocessing = 0;
			shellPath = /bin/sh;
			shellScript = "\"${PODS_ROOT}/Target Support Files/Pods-Uber/Pods-Uber-frameworks.sh\"\n";
			showEnvVarsInLog = 0;
		};
/* End PBXShellScriptBuildPhase section */

/* Begin PBXSourcesBuildPhase section */
		ED872EEF255438D100065E93 /* Sources */ = {
			isa = PBXSourcesBuildPhase;
			buildActionMask = 2147483647;
			files = (
				3055F2F22567DA43009DA436 /* User.swift in Sources */,
				3055F2F62567DA5C009DA436 /* Service.swift in Sources */,
				ED55A9BC25559474003A109A /* SignUpController.swift in Sources */,
				ED55A9BF2558641F003A109A /* AuthButton.swift in Sources */,
				3055F2FA2567DB3F009DA436 /* DriverAnnotation.swift in Sources */,
				ED55A9D8255B3FA3003A109A /* HomeController.swift in Sources */,
				3055F2E0256419F1009DA436 /* LocationInputView.swift in Sources */,
				ED872EF7255438D100065E93 /* AppDelegate.swift in Sources */,
				ED55A9B425544000003A109A /* LoginController.swift in Sources */,
				3055F2E3256530C3009DA436 /* LocationCell.swift in Sources */,
				3055F2EC256553D1009DA436 /* LocationHandler.swift in Sources */,
				ED872EF9255438D100065E93 /* SceneDelegate.swift in Sources */,
				3055F2DD2562DFA5009DA436 /* LocationInputActivationView.swift in Sources */,
				ED55A9B925544879003A109A /* Extensions.swift in Sources */,
			);
			runOnlyForDeploymentPostprocessing = 0;
		};
/* End PBXSourcesBuildPhase section */

/* Begin PBXVariantGroup section */
		ED872F01255438D400065E93 /* LaunchScreen.storyboard */ = {
			isa = PBXVariantGroup;
			children = (
				ED872F02255438D400065E93 /* Base */,
			);
			name = LaunchScreen.storyboard;
			sourceTree = "<group>";
		};
/* End PBXVariantGroup section */

/* Begin XCBuildConfiguration section */
		ED872F05255438D400065E93 /* Debug */ = {
			isa = XCBuildConfiguration;
			buildSettings = {
				ALWAYS_SEARCH_USER_PATHS = NO;
				CLANG_ANALYZER_NONNULL = YES;
				CLANG_ANALYZER_NUMBER_OBJECT_CONVERSION = YES_AGGRESSIVE;
				CLANG_CXX_LANGUAGE_STANDARD = "gnu++14";
				CLANG_CXX_LIBRARY = "libc++";
				CLANG_ENABLE_MODULES = YES;
				CLANG_ENABLE_OBJC_ARC = YES;
				CLANG_ENABLE_OBJC_WEAK = YES;
				CLANG_WARN_BLOCK_CAPTURE_AUTORELEASING = YES;
				CLANG_WARN_BOOL_CONVERSION = YES;
				CLANG_WARN_COMMA = YES;
				CLANG_WARN_CONSTANT_CONVERSION = YES;
				CLANG_WARN_DEPRECATED_OBJC_IMPLEMENTATIONS = YES;
				CLANG_WARN_DIRECT_OBJC_ISA_USAGE = YES_ERROR;
				CLANG_WARN_DOCUMENTATION_COMMENTS = YES;
				CLANG_WARN_EMPTY_BODY = YES;
				CLANG_WARN_ENUM_CONVERSION = YES;
				CLANG_WARN_INFINITE_RECURSION = YES;
				CLANG_WARN_INT_CONVERSION = YES;
				CLANG_WARN_NON_LITERAL_NULL_CONVERSION = YES;
				CLANG_WARN_OBJC_IMPLICIT_RETAIN_SELF = YES;
				CLANG_WARN_OBJC_LITERAL_CONVERSION = YES;
				CLANG_WARN_OBJC_ROOT_CLASS = YES_ERROR;
				CLANG_WARN_QUOTED_INCLUDE_IN_FRAMEWORK_HEADER = YES;
				CLANG_WARN_RANGE_LOOP_ANALYSIS = YES;
				CLANG_WARN_STRICT_PROTOTYPES = YES;
				CLANG_WARN_SUSPICIOUS_MOVE = YES;
				CLANG_WARN_UNGUARDED_AVAILABILITY = YES_AGGRESSIVE;
				CLANG_WARN_UNREACHABLE_CODE = YES;
				CLANG_WARN__DUPLICATE_METHOD_MATCH = YES;
				COPY_PHASE_STRIP = NO;
				DEBUG_INFORMATION_FORMAT = dwarf;
				ENABLE_STRICT_OBJC_MSGSEND = YES;
				ENABLE_TESTABILITY = YES;
				GCC_C_LANGUAGE_STANDARD = gnu11;
				GCC_DYNAMIC_NO_PIC = NO;
				GCC_NO_COMMON_BLOCKS = YES;
				GCC_OPTIMIZATION_LEVEL = 0;
				GCC_PREPROCESSOR_DEFINITIONS = (
					"DEBUG=1",
					"$(inherited)",
				);
				GCC_WARN_64_TO_32_BIT_CONVERSION = YES;
				GCC_WARN_ABOUT_RETURN_TYPE = YES_ERROR;
				GCC_WARN_UNDECLARED_SELECTOR = YES;
				GCC_WARN_UNINITIALIZED_AUTOS = YES_AGGRESSIVE;
				GCC_WARN_UNUSED_FUNCTION = YES;
				GCC_WARN_UNUSED_VARIABLE = YES;
				IPHONEOS_DEPLOYMENT_TARGET = 14.0;
				MTL_ENABLE_DEBUG_INFO = INCLUDE_SOURCE;
				MTL_FAST_MATH = YES;
				ONLY_ACTIVE_ARCH = YES;
				SDKROOT = iphoneos;
				SWIFT_ACTIVE_COMPILATION_CONDITIONS = DEBUG;
				SWIFT_OPTIMIZATION_LEVEL = "-Onone";
			};
			name = Debug;
		};
		ED872F06255438D400065E93 /* Release */ = {
			isa = XCBuildConfiguration;
			buildSettings = {
				ALWAYS_SEARCH_USER_PATHS = NO;
				CLANG_ANALYZER_NONNULL = YES;
				CLANG_ANALYZER_NUMBER_OBJECT_CONVERSION = YES_AGGRESSIVE;
				CLANG_CXX_LANGUAGE_STANDARD = "gnu++14";
				CLANG_CXX_LIBRARY = "libc++";
				CLANG_ENABLE_MODULES = YES;
				CLANG_ENABLE_OBJC_ARC = YES;
				CLANG_ENABLE_OBJC_WEAK = YES;
				CLANG_WARN_BLOCK_CAPTURE_AUTORELEASING = YES;
				CLANG_WARN_BOOL_CONVERSION = YES;
				CLANG_WARN_COMMA = YES;
				CLANG_WARN_CONSTANT_CONVERSION = YES;
				CLANG_WARN_DEPRECATED_OBJC_IMPLEMENTATIONS = YES;
				CLANG_WARN_DIRECT_OBJC_ISA_USAGE = YES_ERROR;
				CLANG_WARN_DOCUMENTATION_COMMENTS = YES;
				CLANG_WARN_EMPTY_BODY = YES;
				CLANG_WARN_ENUM_CONVERSION = YES;
				CLANG_WARN_INFINITE_RECURSION = YES;
				CLANG_WARN_INT_CONVERSION = YES;
				CLANG_WARN_NON_LITERAL_NULL_CONVERSION = YES;
				CLANG_WARN_OBJC_IMPLICIT_RETAIN_SELF = YES;
				CLANG_WARN_OBJC_LITERAL_CONVERSION = YES;
				CLANG_WARN_OBJC_ROOT_CLASS = YES_ERROR;
				CLANG_WARN_QUOTED_INCLUDE_IN_FRAMEWORK_HEADER = YES;
				CLANG_WARN_RANGE_LOOP_ANALYSIS = YES;
				CLANG_WARN_STRICT_PROTOTYPES = YES;
				CLANG_WARN_SUSPICIOUS_MOVE = YES;
				CLANG_WARN_UNGUARDED_AVAILABILITY = YES_AGGRESSIVE;
				CLANG_WARN_UNREACHABLE_CODE = YES;
				CLANG_WARN__DUPLICATE_METHOD_MATCH = YES;
				COPY_PHASE_STRIP = NO;
				DEBUG_INFORMATION_FORMAT = "dwarf-with-dsym";
				ENABLE_NS_ASSERTIONS = NO;
				ENABLE_STRICT_OBJC_MSGSEND = YES;
				GCC_C_LANGUAGE_STANDARD = gnu11;
				GCC_NO_COMMON_BLOCKS = YES;
				GCC_WARN_64_TO_32_BIT_CONVERSION = YES;
				GCC_WARN_ABOUT_RETURN_TYPE = YES_ERROR;
				GCC_WARN_UNDECLARED_SELECTOR = YES;
				GCC_WARN_UNINITIALIZED_AUTOS = YES_AGGRESSIVE;
				GCC_WARN_UNUSED_FUNCTION = YES;
				GCC_WARN_UNUSED_VARIABLE = YES;
				IPHONEOS_DEPLOYMENT_TARGET = 14.0;
				MTL_ENABLE_DEBUG_INFO = NO;
				MTL_FAST_MATH = YES;
				SDKROOT = iphoneos;
				SWIFT_COMPILATION_MODE = wholemodule;
				SWIFT_OPTIMIZATION_LEVEL = "-O";
				VALIDATE_PRODUCT = YES;
			};
			name = Release;
		};
		ED872F08255438D400065E93 /* Debug */ = {
			isa = XCBuildConfiguration;
			baseConfigurationReference = 9B703FD1F50EDC2741F7249D /* Pods-Uber.debug.xcconfig */;
			buildSettings = {
				ASSETCATALOG_COMPILER_APPICON_NAME = AppIcon;
				ASSETCATALOG_COMPILER_GLOBAL_ACCENT_COLOR_NAME = AccentColor;
				CODE_SIGN_STYLE = Automatic;
				DEVELOPMENT_TEAM = R29M9PZPMH;
				INFOPLIST_FILE = Uber/Info.plist;
				LD_RUNPATH_SEARCH_PATHS = (
					"$(inherited)",
					"@executable_path/Frameworks",
				);
				PRODUCT_BUNDLE_IDENTIFIER = com.diana.Uber;
				PRODUCT_NAME = "$(TARGET_NAME)";
				SWIFT_VERSION = 5.0;
				TARGETED_DEVICE_FAMILY = "1,2";
			};
			name = Debug;
		};
		ED872F09255438D400065E93 /* Release */ = {
			isa = XCBuildConfiguration;
			baseConfigurationReference = A27488644314783D912BFF89 /* Pods-Uber.release.xcconfig */;
			buildSettings = {
				ASSETCATALOG_COMPILER_APPICON_NAME = AppIcon;
				ASSETCATALOG_COMPILER_GLOBAL_ACCENT_COLOR_NAME = AccentColor;
				CODE_SIGN_STYLE = Automatic;
				DEVELOPMENT_TEAM = R29M9PZPMH;
				INFOPLIST_FILE = Uber/Info.plist;
				LD_RUNPATH_SEARCH_PATHS = (
					"$(inherited)",
					"@executable_path/Frameworks",
				);
				PRODUCT_BUNDLE_IDENTIFIER = com.diana.Uber;
				PRODUCT_NAME = "$(TARGET_NAME)";
				SWIFT_VERSION = 5.0;
				TARGETED_DEVICE_FAMILY = "1,2";
			};
			name = Release;
		};
/* End XCBuildConfiguration section */

/* Begin XCConfigurationList section */
		ED872EEE255438D100065E93 /* Build configuration list for PBXProject "Uber" */ = {
			isa = XCConfigurationList;
			buildConfigurations = (
				ED872F05255438D400065E93 /* Debug */,
				ED872F06255438D400065E93 /* Release */,
			);
			defaultConfigurationIsVisible = 0;
			defaultConfigurationName = Release;
		};
		ED872F07255438D400065E93 /* Build configuration list for PBXNativeTarget "Uber" */ = {
			isa = XCConfigurationList;
			buildConfigurations = (
				ED872F08255438D400065E93 /* Debug */,
				ED872F09255438D400065E93 /* Release */,
			);
			defaultConfigurationIsVisible = 0;
			defaultConfigurationName = Release;
		};
/* End XCConfigurationList section */
	};
	rootObject = ED872EEB255438D100065E93 /* Project object */;
}
